{
    "_meta": {
        "hash": {
            "sha256": "f8d7f08c1efbacea7c92868babd54bc040413f865e3cd7ea8d4bebab310b3da3"
        },
        "pipfile-spec": 6,
        "requires": {
            "python_version": "3.8"
        },
        "sources": [
            {
                "name": "pypi",
                "url": "https://pypi.org/simple",
                "verify_ssl": true
            }
        ]
    },
    "default": {
        "argcomplete": {
            "hashes": [
                "sha256:2fbe5ed09fd2c1d727d4199feca96569a5b50d44c71b16da9c742201f7cc295c",
                "sha256:91dc7f9c7f6281d5a0dce5e73d2e33283aaef083495c13974a7dd197a1cdc949"
            ],
            "version": "==1.12.0"
        },
        "astroid": {
            "hashes": [
                "sha256:2f4078c2a41bf377eea06d71c9d2ba4eb8f6b1af2135bec27bbbb7d8f12bb703",
                "sha256:bc58d83eb610252fd8de6363e39d4f1d0619c894b0ed24603b881c02e64c7386"
            ],
            "version": "==2.4.2"
        },
        "attrs": {
            "hashes": [
                "sha256:08a96c641c3a74e44eb59afb61a24f2cb9f4d7188748e76ba4bb5edfa3cb7d1c",
                "sha256:f7b7ce16570fe9965acd6d30101a28f62fb4a7f9e926b3bbc9b61f8b04247e72"
            ],
            "version": "==19.3.0"
        },
        "aws-sam-translator": {
            "hashes": [
                "sha256:33c5e9a04584a88b2dc730991f7aea52acc4a077a194444e16728dd2be997dc0",
                "sha256:5b31769d271fa6c7e87cde076ce819f9f9c7da324b3880f2cd0f5f5aa837e520",
                "sha256:f2d0585fc7dd071f136b543e9a614945cb80bbd3113a25f260797c126456dd25"
            ],
            "version": "==1.25.0"
        },
        "boto3": {
            "hashes": [
                "sha256:5c2fa8ac4e4a4800d02b11d75b71bb8fcc190d6fbb15d957f99661414e655e10",
                "sha256:b093e00e98ab31f98d444efad1738ab4795226f0b05abc6655d747f286f9baf9"
            ],
            "version": "==1.14.21"
        },
        "botocore": {
            "hashes": [
                "sha256:9c4694e413c344ca2fb1175f33a97265dbf7f8a5943fbeafde3161d080b72308",
                "sha256:fcbcda16c815744482be4206ed098f4d08f2dfddfb1fcfa0f822f4cfd94adb85"
            ],
            "version": "==1.17.21"
        },
        "cfn-lint": {
            "hashes": [
                "sha256:b29d172a0910f305162e354fd421594ab575ace6431b7b8884c245dfc5064859",
                "sha256:ff9b566bda43a2e74fdd89b57cbf0f76e209e4e666cc4babe7c96cbd3fb56bfe"
            ],
            "index": "pypi",
            "version": "==0.33.2"
        },
        "decorator": {
            "hashes": [
                "sha256:41fa54c2a0cc4ba648be4fd43cff00aedf5b9465c9bf18d64325bc225f08f760",
                "sha256:e3a62f0520172440ca0dcc823749319382e377f37f140a0b99ef45fecb84bfe7"
            ],
            "version": "==4.4.2"
        },
        "docutils": {
            "hashes": [
                "sha256:6c4f696463b79f1fb8ba0c594b63840ebd41f059e92b31957c46b74a4599b6d0",
                "sha256:9e4d7ecfc600058e07ba661411a2b7de2fd0fafa17d1a7f7361cd47b1175c827",
                "sha256:a2aeea129088da402665e92e0b25b04b073c04b2dce4ab65caaa38b7ce2e1a99"
            ],
            "version": "==0.15.2"
        },
        "isort": {
            "hashes": [
                "sha256:54da7e92468955c4fceacd0c86bd0ec997b0e1ee80d97f67c35a78b719dccab1",
                "sha256:6e811fcb295968434526407adb8796944f1988c5b65e8139058f2014cbe100fd"
            ],
            "version": "==4.3.21"
        },
        "jmespath": {
            "hashes": [
                "sha256:b85d0567b8666149a93172712e68920734333c0ce7e89b78b3e987f71e5ed4f9",
                "sha256:cdf6525904cc597730141d61b36f2e4b8ecc257c420fa2f4549bac2c2d0cb72f"
            ],
            "version": "==0.10.0"
        },
        "jsonpatch": {
            "hashes": [
                "sha256:83ff23119b336ea2feffa682307eb7269b58097b4e88c089a4950d946442db16",
                "sha256:e45df18b0ab7df1925f20671bbc3f6bd0b4b556fb4b9c5d97684b0a7eac01744"
            ],
            "markers": "python_version != '3.4'",
            "version": "==1.26"
        },
        "jsonpointer": {
            "hashes": [
                "sha256:c192ba86648e05fdae4f08a17ec25180a9aef5008d973407b581798a83975362",
                "sha256:ff379fa021d1b81ab539f5ec467c7745beb1a5671463f9dcc2b2d458bd361c1e"
            ],
            "version": "==2.0"
        },
        "jsonschema": {
            "hashes": [
                "sha256:4e5b3cf8216f577bee9ce139cbe72eca3ea4f292ec60928ff24758ce626cd163",
                "sha256:c8a85b28d377cc7737e46e2d9f2b4f44ee3c0e1deac6bf46ddefc7187d30797a"
            ],
            "version": "==3.2.0"
        },
        "junit-xml": {
            "hashes": [
                "sha256:ec5ca1a55aefdd76d28fcc0b135251d156c7106fa979686a4b48d62b761b4732"
            ],
            "version": "==1.9"
        },
        "lazy-object-proxy": {
            "hashes": [
                "sha256:0c4b206227a8097f05c4dbdd323c50edf81f15db3b8dc064d08c62d37e1a504d",
                "sha256:194d092e6f246b906e8f70884e620e459fc54db3259e60cf69a4d66c3fda3449",
                "sha256:1be7e4c9f96948003609aa6c974ae59830a6baecc5376c25c92d7d697e684c08",
                "sha256:4677f594e474c91da97f489fea5b7daa17b5517190899cf213697e48d3902f5a",
                "sha256:48dab84ebd4831077b150572aec802f303117c8cc5c871e182447281ebf3ac50",
                "sha256:5541cada25cd173702dbd99f8e22434105456314462326f06dba3e180f203dfd",
                "sha256:59f79fef100b09564bc2df42ea2d8d21a64fdcda64979c0fa3db7bdaabaf6239",
                "sha256:8d859b89baf8ef7f8bc6b00aa20316483d67f0b1cbf422f5b4dc56701c8f2ffb",
                "sha256:9254f4358b9b541e3441b007a0ea0764b9d056afdeafc1a5569eee1cc6c1b9ea",
                "sha256:9651375199045a358eb6741df3e02a651e0330be090b3bc79f6d0de31a80ec3e",
                "sha256:97bb5884f6f1cdce0099f86b907aa41c970c3c672ac8b9c8352789e103cf3156",
                "sha256:9b15f3f4c0f35727d3a0fba4b770b3c4ebbb1fa907dbcc046a1d2799f3edd142",
                "sha256:a2238e9d1bb71a56cd710611a1614d1194dc10a175c1e08d75e1a7bcc250d442",
                "sha256:a6ae12d08c0bf9909ce12385803a543bfe99b95fe01e752536a60af2b7797c62",
                "sha256:ca0a928a3ddbc5725be2dd1cf895ec0a254798915fb3a36af0964a0a4149e3db",
                "sha256:cb2c7c57005a6804ab66f106ceb8482da55f5314b7fcb06551db1edae4ad1531",
                "sha256:d74bb8693bf9cf75ac3b47a54d716bbb1a92648d5f781fc799347cfc95952383",
                "sha256:d945239a5639b3ff35b70a88c5f2f491913eb94871780ebfabb2568bd58afc5a",
                "sha256:eba7011090323c1dadf18b3b689845fd96a61ba0a1dfbd7f24b921398affc357",
                "sha256:efa1909120ce98bbb3777e8b6f92237f5d5c8ea6758efea36a473e1d38f7d3e4",
                "sha256:f3900e8a5de27447acbf900b4750b0ddfd7ec1ea7fbaf11dfa911141bc522af0"
            ],
            "version": "==1.4.3"
        },
        "mccabe": {
            "hashes": [
                "sha256:ab8a6258860da4b6677da4bd2fe5dc2c659cff31b3ee4f7f5d64e79735b80d42",
                "sha256:dd8d182285a0fe56bace7f45b5e7d1a6ebcbf524e8f3bd87eb0f125271b8831f"
            ],
            "version": "==0.6.1"
        },
        "networkx": {
            "hashes": [
                "sha256:cdfbf698749a5014bf2ed9db4a07a5295df1d3a53bf80bf3cbd61edf9df05fa1",
                "sha256:f8f4ff0b6f96e4f9b16af6b84622597b5334bf9cae8cf9b2e42e7985d5c95c64"
            ],
            "markers": "python_version >= '3.5'",
            "version": "==2.4"
        },
        "pathspec": {
            "hashes": [
                "sha256:7d91249d21749788d07a2d0f94147accd8f845507400749ea19c1ec9054a12b0",
                "sha256:da45173eb3a6f2a5a487efba21f050af2b41948be6ab52b6a1e3ff22bb8b7061"
            ],
            "version": "==0.8.0"
        },
        "pylint": {
            "hashes": [
                "sha256:7dd78437f2d8d019717dbf287772d0b2dbdfd13fc016aa7faa08d67bccc46adc",
                "sha256:d0ece7d223fe422088b0e8f13fa0a1e8eb745ebffcb8ed53d3e95394b6101a1c"
            ],
            "index": "pypi",
            "version": "==2.5.3"
        },
        "pyrsistent": {
            "hashes": [
                "sha256:28669905fe725965daa16184933676547c5bb40a5153055a8dee2a4bd7933ad3"
            ],
            "version": "==0.16.0"
        },
        "python-dateutil": {
            "hashes": [
                "sha256:73ebfe9dbf22e832286dafa60473e4cd239f8592f699aa5adaf10050e6e1823c",
                "sha256:75bb3f31ea686f1197762692a9ee6a7550b59fc6ca3a1f4b5d7e32fb98e2da2a"
            ],
            "version": "==2.8.1"
        },
        "pyyaml": {
            "hashes": [
                "sha256:06a0d7ba600ce0b2d2fe2e78453a470b5a6e000a985dd4a4e54e436cc36b0e97",
                "sha256:240097ff019d7c70a4922b6869d8a86407758333f02203e0fc6ff79c5dcede76",
                "sha256:4f4b913ca1a7319b33cfb1369e91e50354d6f07a135f3b901aca02aa95940bd2",
                "sha256:69f00dca373f240f842b2931fb2c7e14ddbacd1397d57157a9b005a6a9942648",
                "sha256:73f099454b799e05e5ab51423c7bcf361c58d3206fa7b0d555426b1f4d9a3eaf",
                "sha256:74809a57b329d6cc0fdccee6318f44b9b8649961fa73144a98735b0aaf029f1f",
                "sha256:7739fc0fa8205b3ee8808aea45e968bc90082c10aef6ea95e855e10abf4a37b2",
                "sha256:95f71d2af0ff4227885f7a6605c37fd53d3a106fcab511b8860ecca9fcf400ee",
                "sha256:b8eac752c5e14d3eca0e6dd9199cd627518cb5ec06add0de9d32baeee6fe645d",
                "sha256:cc8955cfbfc7a115fa81d85284ee61147059a753344bc51098f3ccd69b0d7e0c",
                "sha256:d13155f591e6fcc1ec3b30685d50bf0711574e2c0dfffd7644babf8b5102ca1a"
            ],
            "markers": "python_version != '3.4'",
            "version": "==5.3.1"
        },
        "s3transfer": {
            "hashes": [
                "sha256:2482b4259524933a022d59da830f51bd746db62f047d6eb213f2f8855dcb8a13",
                "sha256:921a37e2aefc64145e7b73d50c71bb4f26f46e4c9f414dc648c6245ff92cf7db"
            ],
            "version": "==0.3.3"
        },
        "shyaml": {
            "hashes": [
                "sha256:3a57e380f66043c661d417106a0f101f8068c80caa2afef57c90447b88526c3d",
                "sha256:ac9066eed5b8445de1f83a99106ca96a77900b6873de327fd50d3e3102084752"
            ],
            "index": "pypi",
            "version": "==0.6.1"
        },
        "six": {
            "hashes": [
                "sha256:30639c035cdb23534cd4aa2dd52c3bf48f06e5f4a941509c8bafd8ce11080259",
                "sha256:8b74bedcbbbaca38ff6d7491d76f2b06b3592611af620f8426e82dddb04a5ced"
            ],
            "version": "==1.15.0"
        },
        "toml": {
            "hashes": [
                "sha256:926b612be1e5ce0634a2ca03470f95169cf16f939018233a670519cb4ac58b0f",
                "sha256:bda89d5935c2eac546d648028b9901107a595863cb36bae0c73ac804a9b4ce88"
            ],
            "version": "==0.10.1"
        },
        "urllib3": {
            "hashes": [
                "sha256:3018294ebefce6572a474f0604c2021e33b3fd8006ecd11d62107a5d2a963527",
                "sha256:88206b0eb87e6d677d424843ac5209e3fb9d0190d0ee169599165ec25e9d9115"
            ],
            "markers": "python_version != '3.4'",
            "version": "==1.25.9"
        },
        "wrapt": {
            "hashes": [
                "sha256:b62ffa81fb85f4332a4f609cab4ac40709470da05643a082ec1eb88e6d9b97d7"
            ],
            "version": "==1.12.1"
        },
        "xmltodict": {
            "hashes": [
                "sha256:50d8c638ed7ecb88d90561beedbf720c9b4e851a9fa6c47ebd64e99d166d8a21",
                "sha256:8bbcb45cc982f48b2ca8fe7e7827c5d792f217ecf1792626f808bf41c3b86051"
            ],
            "version": "==0.12.0"
        },
        "yamllint": {
            "hashes": [
                "sha256:8f92d0c1770369fea467d6c278a4556aca36f753c62b3bf95664e311227e7ebe",
                "sha256:c104ff5c29511ea59236cb06a68e34a9663724a35f1fdee736657d90fcb56162"
            ],
            "index": "pypi",
            "version": "==1.24.1"
        },
        "yq": {
            "hashes": [
                "sha256:a876304f2b360a968023eb7d13ec669e102fd381c818783e88e475bd2638d278",
                "sha256:f6252a0757d0c2a9e55b4402e176a7e41a99e0e6dd5be4f9d5a4d651eeb4d6c0"
            ],
            "index": "pypi",
            "version": "==2.10.1"
        }
    },
    "develop": {}
}
